
Microsoft Visual Studio Solution File, Format Version 12.00
Project("{FAE04EC0-301F-11D3-BF4B-00C04F79EFBC}") = "ApiDocumentationUi", "ApiDocumentationUi\ApiDocumentationUi.csproj", "{AD0AC83C-16F4-441F-9282-A76D7CCE92A9}"
EndProject
Global
	GlobalSection(SolutionConfigurationPlatforms) = preSolution
		Debug|Any CPU = Debug|Any CPU
		Release|Any CPU = Release|Any CPU
	EndGlobalSection
	GlobalSection(ProjectConfigurationPlatforms) = postSolution
		{AD0AC83C-16F4-441F-9282-A76D7CCE92A9}.Debug|Any CPU.ActiveCfg = Debug|Any CPU
		{AD0AC83C-16F4-441F-9282-A76D7CCE92A9}.Debug|Any CPU.Build.0 = Debug|Any CPU
		{AD0AC83C-16F4-441F-9282-A76D7CCE92A9}.Release|Any CPU.ActiveCfg = Release|Any CPU
		{AD0AC83C-16F4-441F-9282-A76D7CCE92A9}.Release|Any CPU.Build.0 = Release|Any CPU
	EndGlobalSection
EndGlobal
